// !$*UTF8*$!
{
	archiveVersion = 1;
	classes = {
	};
	objectVersion = 55;
	objects = {

/* Begin PBXBuildFile section */
		C8FBD07C27EE18AE00911F61 /* NotesAppApp.swift in Sources */ = {isa = PBXBuildFile; fileRef = C8FBD06C27EE18A700911F61 /* NotesAppApp.swift */; };
		C8FBD07D27EE18AE00911F61 /* NotesAppApp.swift in Sources */ = {isa = PBXBuildFile; fileRef = C8FBD06C27EE18A700911F61 /* NotesAppApp.swift */; };
		C8FBD07E27EE18AE00911F61 /* ContentView.swift in Sources */ = {isa = PBXBuildFile; fileRef = C8FBD06D27EE18A700911F61 /* ContentView.swift */; };
		C8FBD07F27EE18AE00911F61 /* ContentView.swift in Sources */ = {isa = PBXBuildFile; fileRef = C8FBD06D27EE18A700911F61 /* ContentView.swift */; };
		C8FBD08027EE18AE00911F61 /* Assets.xcassets in Resources */ = {isa = PBXBuildFile; fileRef = C8FBD06E27EE18AE00911F61 /* Assets.xcassets */; };
		C8FBD08127EE18AE00911F61 /* Assets.xcassets in Resources */ = {isa = PBXBuildFile; fileRef = C8FBD06E27EE18AE00911F61 /* Assets.xcassets */; };
		C8FBD08B27EE194000911F61 /* Note.swift in Sources */ = {isa = PBXBuildFile; fileRef = C8FBD08A27EE194000911F61 /* Note.swift */; };
		C8FBD08C27EE194000911F61 /* Note.swift in Sources */ = {isa = PBXBuildFile; fileRef = C8FBD08A27EE194000911F61 /* Note.swift */; };
		C8FBD09227EE1AAF00911F61 /* NewNote.swift in Sources */ = {isa = PBXBuildFile; fileRef = C8FBD09127EE1AAF00911F61 /* NewNote.swift */; };
		C8FBD09327EE1AAF00911F61 /* NewNote.swift in Sources */ = {isa = PBXBuildFile; fileRef = C8FBD09127EE1AAF00911F61 /* NewNote.swift */; };
/* End PBXBuildFile section */

/* Begin PBXFileReference section */
		C8FBD06C27EE18A700911F61 /* NotesAppApp.swift */ = {isa = PBXFileReference; lastKnownFileType = sourcecode.swift; path = NotesAppApp.swift; sourceTree = "<group>"; };
		C8FBD06D27EE18A700911F61 /* ContentView.swift */ = {isa = PBXFileReference; lastKnownFileType = sourcecode.swift; path = ContentView.swift; sourceTree = "<group>"; };
		C8FBD06E27EE18AE00911F61 /* Assets.xcassets */ = {isa = PBXFileReference; lastKnownFileType = folder.assetcatalog; path = Assets.xcassets; sourceTree = "<group>"; };
		C8FBD07327EE18AE00911F61 /* NotesApp.app */ = {isa = PBXFileReference; explicitFileType = wrapper.application; includeInIndex = 0; path = NotesApp.app; sourceTree = BUILT_PRODUCTS_DIR; };
		C8FBD07927EE18AE00911F61 /* NotesApp.app */ = {isa = PBXFileReference; explicitFileType = wrapper.application; includeInIndex = 0; path = NotesApp.app; sourceTree = BUILT_PRODUCTS_DIR; };
		C8FBD07B27EE18AE00911F61 /* macOS.entitlements */ = {isa = PBXFileReference; lastKnownFileType = text.plist.entitlements; path = macOS.entitlements; sourceTree = "<group>"; };
		C8FBD08A27EE194000911F61 /* Note.swift */ = {isa = PBXFileReference; lastKnownFileType = sourcecode.swift; path = Note.swift; sourceTree = "<group>"; };
		C8FBD09127EE1AAF00911F61 /* NewNote.swift */ = {isa = PBXFileReference; lastKnownFileType = sourcecode.swift; path = NewNote.swift; sourceTree = "<group>"; };
/* End PBXFileReference section */

/* Begin PBXFrameworksBuildPhase section */
		C8FBD07027EE18AE00911F61 /* Frameworks */ = {
			isa = PBXFrameworksBuildPhase;
			buildActionMask = 2147483647;
			files = (
			);
			runOnlyForDeploymentPostprocessing = 0;
		};
		C8FBD07627EE18AE00911F61 /* Frameworks */ = {
			isa = PBXFrameworksBuildPhase;
			buildActionMask = 2147483647;
			files = (
			);
			runOnlyForDeploymentPostprocessing = 0;
		};
/* End PBXFrameworksBuildPhase section */

/* Begin PBXGroup section */
		C8FBD06627EE18A700911F61 = {
			isa = PBXGroup;
			children = (
				C8FBD06B27EE18A700911F61 /* Shared */,
				C8FBD07A27EE18AE00911F61 /* macOS */,
				C8FBD07427EE18AE00911F61 /* Products */,
			);
			sourceTree = "<group>";
		};
		C8FBD06B27EE18A700911F61 /* Shared */ = {
			isa = PBXGroup;
			children = (
				C8FBD06C27EE18A700911F61 /* NotesAppApp.swift */,
				C8FBD09027EE1A6000911F61 /* View Model */,
				C8FBD08F27EE1A5B00911F61 /* Model */,
				C8FBD08E27EE1A5500911F61 /* Views */,
				C8FBD06E27EE18AE00911F61 /* Assets.xcassets */,
			);
			path = Shared;
			sourceTree = "<group>";
		};
		C8FBD07427EE18AE00911F61 /* Products */ = {
			isa = PBXGroup;
			children = (
				C8FBD07327EE18AE00911F61 /* NotesApp.app */,
				C8FBD07927EE18AE00911F61 /* NotesApp.app */,
			);
			name = Products;
			sourceTree = "<group>";
		};
		C8FBD07A27EE18AE00911F61 /* macOS */ = {
			isa = PBXGroup;
			children = (
				C8FBD07B27EE18AE00911F61 /* macOS.entitlements */,
			);
			path = macOS;
			sourceTree = "<group>";
		};
		C8FBD08E27EE1A5500911F61 /* Views */ = {
			isa = PBXGroup;
			children = (
				C8FBD06D27EE18A700911F61 /* ContentView.swift */,
				C8FBD09127EE1AAF00911F61 /* NewNote.swift */,
			);
			path = Views;
			sourceTree = "<group>";
		};
		C8FBD08F27EE1A5B00911F61 /* Model */ = {
			isa = PBXGroup;
			children = (
				C8FBD08A27EE194000911F61 /* Note.swift */,
			);
			path = Model;
			sourceTree = "<group>";
		};
		C8FBD09027EE1A6000911F61 /* View Model */ = {
			isa = PBXGroup;
			children = (
			);
			path = "View Model";
			sourceTree = "<group>";
		};
/* End PBXGroup section */

/* Begin PBXNativeTarget section */
		C8FBD07227EE18AE00911F61 /* NotesApp (iOS) */ = {
			isa = PBXNativeTarget;
			buildConfigurationList = C8FBD08427EE18AE00911F61 /* Build configuration list for PBXNativeTarget "NotesApp (iOS)" */;
			buildPhases = (
				C8FBD06F27EE18AE00911F61 /* Sources */,
				C8FBD07027EE18AE00911F61 /* Frameworks */,
				C8FBD07127EE18AE00911F61 /* Resources */,
			);
			buildRules = (
			);
			dependencies = (
			);
			name = "NotesApp (iOS)";
			productName = "NotesApp (iOS)";
			productReference = C8FBD07327EE18AE00911F61 /* NotesApp.app */;
			productType = "com.apple.product-type.application";
		};
		C8FBD07827EE18AE00911F61 /* NotesApp (macOS) */ = {
			isa = PBXNativeTarget;
			buildConfigurationList = C8FBD08727EE18AE00911F61 /* Build configuration list for PBXNativeTarget "NotesApp (macOS)" */;
			buildPhases = (
				C8FBD07527EE18AE00911F61 /* Sources */,
				C8FBD07627EE18AE00911F61 /* Frameworks */,
				C8FBD07727EE18AE00911F61 /* Resources */,
			);
			buildRules = (
			);
			dependencies = (
			);
			name = "NotesApp (macOS)";
			productName = "NotesApp (macOS)";
			productReference = C8FBD07927EE18AE00911F61 /* NotesApp.app */;
			productType = "com.apple.product-type.application";
		};
/* End PBXNativeTarget section */

/* Begin PBXProject section */
		C8FBD06727EE18A700911F61 /* Project object */ = {
			isa = PBXProject;
			attributes = {
				BuildIndependentTargetsInParallel = 1;
				LastSwiftUpdateCheck = 1300;
				LastUpgradeCheck = 1300;
				TargetAttributes = {
					C8FBD07227EE18AE00911F61 = {
						CreatedOnToolsVersion = 13.0;
					};
					C8FBD07827EE18AE00911F61 = {
						CreatedOnToolsVersion = 13.0;
					};
				};
			};
			buildConfigurationList = C8FBD06A27EE18A700911F61 /* Build configuration list for PBXProject "NotesApp" */;
			compatibilityVersion = "Xcode 13.0";
			developmentRegion = en;
			hasScannedForEncodings = 0;
			knownRegions = (
				en,
				Base,
			);
			mainGroup = C8FBD06627EE18A700911F61;
			productRefGroup = C8FBD07427EE18AE00911F61 /* Products */;
			projectDirPath = "";
			projectRoot = "";
			targets = (
				C8FBD07227EE18AE00911F61 /* NotesApp (iOS) */,
				C8FBD07827EE18AE00911F61 /* NotesApp (macOS) */,
			);
		};
/* End PBXProject section */

/* Begin PBXResourcesBuildPhase section */
		C8FBD07127EE18AE00911F61 /* Resources */ = {
			isa = PBXResourcesBuildPhase;
			buildActionMask = 2147483647;
			files = (
				C8FBD08027EE18AE00911F61 /* Assets.xcassets in Resources */,
			);
			runOnlyForDeploymentPostprocessing = 0;
		};
		C8FBD07727EE18AE00911F61 /* Resources */ = {
			isa = PBXResourcesBuildPhase;
			buildActionMask = 2147483647;
			files = (
				C8FBD08127EE18AE00911F61 /* Assets.xcassets in Resources */,
			);
			runOnlyForDeploymentPostprocessing = 0;
		};
/* End PBXResourcesBuildPhase section */

/* Begin PBXSourcesBuildPhase section */
		C8FBD06F27EE18AE00911F61 /* Sources */ = {
			isa = PBXSourcesBuildPhase;
			buildActionMask = 2147483647;
			files = (
				C8FBD09227EE1AAF00911F61 /* NewNote.swift in Sources */,
				C8FBD07E27EE18AE00911F61 /* ContentView.swift in Sources */,
				C8FBD07C27EE18AE00911F61 /* NotesAppApp.swift in Sources */,
				C8FBD08B27EE194000911F61 /* Note.swift in Sources */,
			);
			runOnlyForDeploymentPostprocessing = 0;
		};
		C8FBD07527EE18AE00911F61 /* Sources */ = {
			isa = PBXSourcesBuildPhase;
			buildActionMask = 2147483647;
			files = (
				C8FBD09327EE1AAF00911F61 /* NewNote.swift in Sources */,
				C8FBD07F27EE18AE00911F61 /* ContentView.swift in Sources */,
				C8FBD07D27EE18AE00911F61 /* NotesAppApp.swift in Sources */,
				C8FBD08C27EE194000911F61 /* Note.swift in Sources */,
			);
			runOnlyForDeploymentPostprocessing = 0;
		};
/* End PBXSourcesBuildPhase section */

/* Begin XCBuildConfiguration section */
		C8FBD08227EE18AE00911F61 /* Debug */ = {
			isa = XCBuildConfiguration;
			buildSettings = {
				ALWAYS_SEARCH_USER_PATHS = NO;
				CLANG_ANALYZER_NONNULL = YES;
				CLANG_ANALYZER_NUMBER_OBJECT_CONVERSION = YES_AGGRESSIVE;
				CLANG_CXX_LANGUAGE_STANDARD = "gnu++17";
				CLANG_CXX_LIBRARY = "libc++";
				CLANG_ENABLE_MODULES = YES;
				CLANG_ENABLE_OBJC_ARC = YES;
				CLANG_ENABLE_OBJC_WEAK = YES;
				CLANG_WARN_BLOCK_CAPTURE_AUTORELEASING = YES;
				CLANG_WARN_BOOL_CONVERSION = YES;
				CLANG_WARN_COMMA = YES;
				CLANG_WARN_CONSTANT_CONVERSION = YES;
				CLANG_WARN_DEPRECATED_OBJC_IMPLEMENTATIONS = YES;
				CLANG_WARN_DIRECT_OBJC_ISA_USAGE = YES_ERROR;
				CLANG_WARN_DOCUMENTATION_COMMENTS = YES;
				CLANG_WARN_EMPTY_BODY = YES;
				CLANG_WARN_ENUM_CONVERSION = YES;
				CLANG_WARN_INFINITE_RECURSION = YES;
				CLANG_WARN_INT_CONVERSION = YES;
				CLANG_WARN_NON_LITERAL_NULL_CONVERSION = YES;
				CLANG_WARN_OBJC_IMPLICIT_RETAIN_SELF = YES;
				CLANG_WARN_OBJC_LITERAL_CONVERSION = YES;
				CLANG_WARN_OBJC_ROOT_CLASS = YES_ERROR;
				CLANG_WARN_QUOTED_INCLUDE_IN_FRAMEWORK_HEADER = YES;
				CLANG_WARN_RANGE_LOOP_ANALYSIS = YES;
				CLANG_WARN_STRICT_PROTOTYPES = YES;
				CLANG_WARN_SUSPICIOUS_MOVE = YES;
				CLANG_WARN_UNGUARDED_AVAILABILITY = YES_AGGRESSIVE;
				CLANG_WARN_UNREACHABLE_CODE = YES;
				CLANG_WARN__DUPLICATE_METHOD_MATCH = YES;
				COPY_PHASE_STRIP = NO;
				DEBUG_INFORMATION_FORMAT = dwarf;
				ENABLE_STRICT_OBJC_MSGSEND = YES;
				ENABLE_TESTABILITY = YES;
				GCC_C_LANGUAGE_STANDARD = gnu11;
				GCC_DYNAMIC_NO_PIC = NO;
				GCC_NO_COMMON_BLOCKS = YES;
				GCC_OPTIMIZATION_LEVEL = 0;
				GCC_PREPROCESSOR_DEFINITIONS = (
					"DEBUG=1",
					"$(inherited)",
				);
				GCC_WARN_64_TO_32_BIT_CONVERSION = YES;
				GCC_WARN_ABOUT_RETURN_TYPE = YES_ERROR;
				GCC_WARN_UNDECLARED_SELECTOR = YES;
				GCC_WARN_UNINITIALIZED_AUTOS = YES_AGGRESSIVE;
				GCC_WARN_UNUSED_FUNCTION = YES;
				GCC_WARN_UNUSED_VARIABLE = YES;
				MTL_ENABLE_DEBUG_INFO = INCLUDE_SOURCE;
				MTL_FAST_MATH = YES;
				ONLY_ACTIVE_ARCH = YES;
				SWIFT_ACTIVE_COMPILATION_CONDITIONS = DEBUG;
				SWIFT_OPTIMIZATION_LEVEL = "-Onone";
			};
			name = Debug;
		};
		C8FBD08327EE18AE00911F61 /* Release */ = {
			isa = XCBuildConfiguration;
			buildSettings = {
				ALWAYS_SEARCH_USER_PATHS = NO;
				CLANG_ANALYZER_NONNULL = YES;
				CLANG_ANALYZER_NUMBER_OBJECT_CONVERSION = YES_AGGRESSIVE;
				CLANG_CXX_LANGUAGE_STANDARD = "gnu++17";
				CLANG_CXX_LIBRARY = "libc++";
				CLANG_ENABLE_MODULES = YES;
				CLANG_ENABLE_OBJC_ARC = YES;
				CLANG_ENABLE_OBJC_WEAK = YES;
				CLANG_WARN_BLOCK_CAPTURE_AUTORELEASING = YES;
				CLANG_WARN_BOOL_CONVERSION = YES;
				CLANG_WARN_COMMA = YES;
				CLANG_WARN_CONSTANT_CONVERSION = YES;
				CLANG_WARN_DEPRECATED_OBJC_IMPLEMENTATIONS = YES;
				CLANG_WARN_DIRECT_OBJC_ISA_USAGE = YES_ERROR;
				CLANG_WARN_DOCUMENTATION_COMMENTS = YES;
				CLANG_WARN_EMPTY_BODY = YES;
				CLANG_WARN_ENUM_CONVERSION = YES;
				CLANG_WARN_INFINITE_RECURSION = YES;
				CLANG_WARN_INT_CONVERSION = YES;
				CLANG_WARN_NON_LITERAL_NULL_CONVERSION = YES;
				CLANG_WARN_OBJC_IMPLICIT_RETAIN_SELF = YES;
				CLANG_WARN_OBJC_LITERAL_CONVERSION = YES;
				CLANG_WARN_OBJC_ROOT_CLASS = YES_ERROR;
				CLANG_WARN_QUOTED_INCLUDE_IN_FRAMEWORK_HEADER = YES;
				CLANG_WARN_RANGE_LOOP_ANALYSIS = YES;
				CLANG_WARN_STRICT_PROTOTYPES = YES;
				CLANG_WARN_SUSPICIOUS_MOVE = YES;
				CLANG_WARN_UNGUARDED_AVAILABILITY = YES_AGGRESSIVE;
				CLANG_WARN_UNREACHABLE_CODE = YES;
				CLANG_WARN__DUPLICATE_METHOD_MATCH = YES;
				COPY_PHASE_STRIP = NO;
				DEBUG_INFORMATION_FORMAT = "dwarf-with-dsym";
				ENABLE_NS_ASSERTIONS = NO;
				ENABLE_STRICT_OBJC_MSGSEND = YES;
				GCC_C_LANGUAGE_STANDARD = gnu11;
				GCC_NO_COMMON_BLOCKS = YES;
				GCC_WARN_64_TO_32_BIT_CONVERSION = YES;
				GCC_WARN_ABOUT_RETURN_TYPE = YES_ERROR;
				GCC_WARN_UNDECLARED_SELECTOR = YES;
				GCC_WARN_UNINITIALIZED_AUTOS = YES_AGGRESSIVE;
				GCC_WARN_UNUSED_FUNCTION = YES;
				GCC_WARN_UNUSED_VARIABLE = YES;
				MTL_ENABLE_DEBUG_INFO = NO;
				MTL_FAST_MATH = YES;
				SWIFT_COMPILATION_MODE = wholemodule;
				SWIFT_OPTIMIZATION_LEVEL = "-O";
			};
			name = Release;
		};
		C8FBD08527EE18AE00911F61 /* Debug */ = {
			isa = XCBuildConfiguration;
			buildSettings = {
				ASSETCATALOG_COMPILER_APPICON_NAME = AppIcon;
				ASSETCATALOG_COMPILER_GLOBAL_ACCENT_COLOR_NAME = AccentColor;
				CODE_SIGN_STYLE = Automatic;
				CURRENT_PROJECT_VERSION = 1;
				DEVELOPMENT_TEAM = 89CY642UG3;
				ENABLE_PREVIEWS = YES;
				GENERATE_INFOPLIST_FILE = YES;
				INFOPLIST_KEY_UIApplicationSceneManifest_Generation = YES;
				INFOPLIST_KEY_UIApplicationSupportsIndirectInputEvents = YES;
				INFOPLIST_KEY_UILaunchScreen_Generation = YES;
				INFOPLIST_KEY_UISupportedInterfaceOrientations_iPad = "UIInterfaceOrientationPortrait UIInterfaceOrientationPortraitUpsideDown UIInterfaceOrientationLandscapeLeft UIInterfaceOrientationLandscapeRight";
				INFOPLIST_KEY_UISupportedInterfaceOrientations_iPhone = "UIInterfaceOrientationPortrait UIInterfaceOrientationLandscapeLeft UIInterfaceOrientationLandscapeRight";
				IPHONEOS_DEPLOYMENT_TARGET = 14.0;
				LD_RUNPATH_SEARCH_PATHS = (
					"$(inherited)",
					"@executable_path/Frameworks",
				);
				MARKETING_VERSION = 1.0;
				PRODUCT_BUNDLE_IDENTIFIER = ca.jinasalvarajah.NotesApp;
				PRODUCT_NAME = NotesApp;
				SDKROOT = iphoneos;
				SWIFT_EMIT_LOC_STRINGS = YES;
				SWIFT_VERSION = 5.0;
				TARGETED_DEVICE_FAMILY = "1,2";
			};
			name = Debug;
		};
		C8FBD08627EE18AE00911F61 /* Release */ = {
			isa = XCBuildConfiguration;
			buildSettings = {
				ASSETCATALOG_COMPILER_APPICON_NAME = AppIcon;
				ASSETCATALOG_COMPILER_GLOBAL_ACCENT_COLOR_NAME = AccentColor;
				CODE_SIGN_STYLE = Automatic;
				CURRENT_PROJECT_VERSION = 1;
				DEVELOPMENT_TEAM = 89CY642UG3;
				ENABLE_PREVIEWS = YES;
				GENERATE_INFOPLIST_FILE = YES;
				INFOPLIST_KEY_UIApplicationSceneManifest_Generation = YES;
				INFOPLIST_KEY_UIApplicationSupportsIndirectInputEvents = YES;
				INFOPLIST_KEY_UILaunchScreen_Generation = YES;
				INFOPLIST_KEY_UISupportedInterfaceOrientations_iPad = "UIInterfaceOrientationPortrait UIInterfaceOrientationPortraitUpsideDown UIInterfaceOrientationLandscapeLeft UIInterfaceOrientationLandscapeRight";
				INFOPLIST_KEY_UISupportedInterfaceOrientations_iPhone = "UIInterfaceOrientationPortrait UIInterfaceOrientationLandscapeLeft UIInterfaceOrientationLandscapeRight";
				IPHONEOS_DEPLOYMENT_TARGET = 14.0;
				LD_RUNPATH_SEARCH_PATHS = (
					"$(inherited)",
					"@executable_path/Frameworks",
				);
				MARKETING_VERSION = 1.0;
				PRODUCT_BUNDLE_IDENTIFIER = ca.jinasalvarajah.NotesApp;
				PRODUCT_NAME = NotesApp;
				SDKROOT = iphoneos;
				SWIFT_EMIT_LOC_STRINGS = YES;
				SWIFT_VERSION = 5.0;
				TARGETED_DEVICE_FAMILY = "1,2";
				VALIDATE_PRODUCT = YES;
			};
			name = Release;
		};
		C8FBD08827EE18AE00911F61 /* Debug */ = {
			isa = XCBuildConfiguration;
			buildSettings = {
				ASSETCATALOG_COMPILER_APPICON_NAME = AppIcon;
				ASSETCATALOG_COMPILER_GLOBAL_ACCENT_COLOR_NAME = AccentColor;
				CODE_SIGN_ENTITLEMENTS = macOS/macOS.entitlements;
				CODE_SIGN_STYLE = Automatic;
				COMBINE_HIDPI_IMAGES = YES;
				CURRENT_PROJECT_VERSION = 1;
				DEVELOPMENT_TEAM = 89CY642UG3;
				ENABLE_HARDENED_RUNTIME = YES;
				ENABLE_PREVIEWS = YES;
				GENERATE_INFOPLIST_FILE = YES;
				INFOPLIST_KEY_NSHumanReadableCopyright = "";
				LD_RUNPATH_SEARCH_PATHS = (
					"$(inherited)",
					"@executable_path/../Frameworks",
				);
				MACOSX_DEPLOYMENT_TARGET = 11.0;
				MARKETING_VERSION = 1.0;
				PRODUCT_BUNDLE_IDENTIFIER = ca.jinasalvarajah.NotesApp;
				PRODUCT_NAME = NotesApp;
				SDKROOT = macosx;
				SWIFT_EMIT_LOC_STRINGS = YES;
				SWIFT_VERSION = 5.0;
			};
			name = Debug;
		};
		C8FBD08927EE18AE00911F61 /* Release */ = {
			isa = XCBuildConfiguration;
			buildSettings = {
				ASSETCATALOG_COMPILER_APPICON_NAME = AppIcon;
				ASSETCATALOG_COMPILER_GLOBAL_ACCENT_COLOR_NAME = AccentColor;
				CODE_SIGN_ENTITLEMENTS = macOS/macOS.entitlements;
				CODE_SIGN_STYLE = Automatic;
				COMBINE_HIDPI_IMAGES = YES;
				CURRENT_PROJECT_VERSION = 1;
				DEVELOPMENT_TEAM = 89CY642UG3;
				ENABLE_HARDENED_RUNTIME = YES;
				ENABLE_PREVIEWS = YES;
				GENERATE_INFOPLIST_FILE = YES;
				INFOPLIST_KEY_NSHumanReadableCopyright = "";
				LD_RUNPATH_SEARCH_PATHS = (
					"$(inherited)",
					"@executable_path/../Frameworks",
				);
				MACOSX_DEPLOYMENT_TARGET = 11.0;
				MARKETING_VERSION = 1.0;
				PRODUCT_BUNDLE_IDENTIFIER = ca.jinasalvarajah.NotesApp;
				PRODUCT_NAME = NotesApp;
				SDKROOT = macosx;
				SWIFT_EMIT_LOC_STRINGS = YES;
				SWIFT_VERSION = 5.0;
			};
			name = Release;
		};
/* End XCBuildConfiguration section */

/* Begin XCConfigurationList section */
		C8FBD06A27EE18A700911F61 /* Build configuration list for PBXProject "NotesApp" */ = {
			isa = XCConfigurationList;
			buildConfigurations = (
				C8FBD08227EE18AE00911F61 /* Debug */,
				C8FBD08327EE18AE00911F61 /* Release */,
			);
			defaultConfigurationIsVisible = 0;
			defaultConfigurationName = Release;
		};
		C8FBD08427EE18AE00911F61 /* Build configuration list for PBXNativeTarget "NotesApp (iOS)" */ = {
			isa = XCConfigurationList;
			buildConfigurations = (
				C8FBD08527EE18AE00911F61 /* Debug */,
				C8FBD08627EE18AE00911F61 /* Release */,
			);
			defaultConfigurationIsVisible = 0;
			defaultConfigurationName = Release;
		};
		C8FBD08727EE18AE00911F61 /* Build configuration list for PBXNativeTarget "NotesApp (macOS)" */ = {
			isa = XCConfigurationList;
			buildConfigurations = (
				C8FBD08827EE18AE00911F61 /* Debug */,
				C8FBD08927EE18AE00911F61 /* Release */,
			);
			defaultConfigurationIsVisible = 0;
			defaultConfigurationName = Release;
		};
/* End XCConfigurationList section */
	};
	rootObject = C8FBD06727EE18A700911F61 /* Project object */;
}
